
Microsoft Visual Studio Solution File, Format Version 12.00
# Visual Studio Version 17
VisualStudioVersion = 17.8.34511.84
MinimumVisualStudioVersion = 10.0.40219.1
Project("{9A19103F-16F7-4668-BE54-9A1E7A4F7556}") = "MyStore", "MyStore\MyStore.csproj", "{A32600DB-10E7-4DF7-86BE-7ED5D2CBBEAC}"
EndProject
Global
	GlobalSection(SolutionConfigurationPlatforms) = preSolution
		Debug|Any CPU = Debug|Any CPU
		Release|Any CPU = Release|Any CPU
	EndGlobalSection
	GlobalSection(ProjectConfigurationPlatforms) = postSolution
		{A32600DB-10E7-4DF7-86BE-7ED5D2CBBEAC}.Debug|Any CPU.ActiveCfg = Debug|Any CPU
		{A32600DB-10E7-4DF7-86BE-7ED5D2CBBEAC}.Debug|Any CPU.Build.0 = Debug|Any CPU
		{A32600DB-10E7-4DF7-86BE-7ED5D2CBBEAC}.Release|Any CPU.ActiveCfg = Release|Any CPU
		{A32600DB-10E7-4DF7-86BE-7ED5D2CBBEAC}.Release|Any CPU.Build.0 = Release|Any CPU
	EndGlobalSection
	GlobalSection(SolutionProperties) = preSolution
		HideSolutionNode = FALSE
	EndGlobalSection
	GlobalSection(ExtensibilityGlobals) = postSolution
		SolutionGuid = {F8073B6D-5B15-4FF8-9962-631D9850BF04}
	EndGlobalSection
EndGlobal
